{
  "name": "mychal-bot",
  "version": "2.0.0",
  "lockfileVersion": 3,
  "requires": true,
  "packages": {
    "": {
      "name": "mychal-bot",
      "version": "2.0.0",
      "license": "ISC",
      "dependencies": {
        "axios": "^1.7.2",
        "discord.js": "^14.15.3",
        "dotenv": "^16.4.5"
      }
    },
    "node_modules/@discordjs/builders": {
      "version": "1.8.2",
      "resolved": "https://registry.npmjs.org/@discordjs/builders/-/builders-1.8.2.tgz",
      "integrity": "sha512-4a7cZ4211m5O6Idxj1/3b1/nF4f1cF3TMM4U3pI2uP5SPuytI9dM2hr5DAW5HDXDOth/E2bswpM0nSjVzI4sjw==",
      "engines": {
        "node": ">=16.9.0"
      }
    },
    "node_modules/@discordjs/collection": {
      "version": "1.5.4",
      "resolved": "https://registry.npmjs.org/@discordjs/collection/-/collection-1.5.4.tgz",
      "integrity": "sha512-O0sF355xJm2DJR1j2u4sIqL5j3N2FjP45L8nS5iGpm2lkyI+wtV8O5nnpd/xxsY0ey2aOMaI08h5f23IguwEw=="
    },
    "node_modules/@discordjs/formatters": {
      "version": "1.1.0",
      "resolved": "https://registry.npmjs.org/@discordjs/formatters/-/formatters-1.1.0.tgz",
      "integrity": "sha512-m3xPqfX2SvNe2n1O7I2Q21eI/e3A+y/u2fL2qPAnf20f2e0a29/s66fpm4w/RLdkJ78x+zkxV7x14wz9gT2Aw==",
      "engines": {
        "node": ">=16.9.0"
      }
    },
    "node_modules/@discordjs/proxy": {
      "version": "1.1.0",
      "resolved": "https://registry.npmjs.org/@discordjs/proxy/-/proxy-1.1.0.tgz",
      "integrity": "sha512-fSmv9QSSimM6TmsQeL4l8vJj1sY7sXwh41iI4a6SGyfCjU+Kpy7ndk3jwT27W2V922P2X/z8f5QYyv3G5F4w0Q==",
      "dependencies": {
        "undici": "^5.28.2"
      },
      "engines": {
        "node": ">=16.9.0"
      }
    },
    "node_modules/@discordjs/rest": {
      "version": "2.3.0",
      "resolved": "https://registry.npmjs.org/@discordjs/rest/-/rest-2.3.0.tgz",
      "integrity": "sha512-suxcGek9Tyl3eI1I/1o2A9WT0k3hYVv2d005pvjU2jLpK8toSDyL9z/2R4F26wQfEDvo2d+Hw6Q8a2o0e4z/PQ==",
      "dependencies": {
        "@discordjs/collection": "^1.5.1",
        "@discordjs/proxy": "^1.1.0",
        "@sapphire/async-queue": "^1.5.0",
        "@sapphire/snowflake": "^3.5.2",
        "undici": "^5.28.2"
      },
      "engines": {
        "node": ">=16.9.0"
      }
    },
    "node_modules/@discordjs/util": {
      "version": "1.1.0",
      "resolved": "https://registry.npmjs.org/@discordjs/util/-/util-1.1.0.tgz",
      "integrity": "sha512-jA8vjI9yl9zU24Y2zY27otW5y/i2H5Kca3j6dD14nEea0iQ/f29a0XkHxTjQoP2dWYM16sY82hFf5rycjYwjw==",
      "engines": {
        "node": ">=16.9.0"
      }
    },
    "node_modules/@discordjs/ws": {
      "version": "1.1.0",
      "resolved": "https://registry.npmjs.org/@discordjs/ws/-/ws-1.1.0.tgz",
      "integrity": "sha512-Z2/uNq2zP44+3e7wJd33lQfK2y8LSJd1hT5fGsgz/z/k5Qz1/vQJXoAxmPSw3pIS3aj31+4p2JqRDB3aevow6w==",
      "dependencies": {
        "@types/ws": "^8.5.6",
        "@vladfrangu/async_event_emitter": "^2.2.3",
        "ws": "^8.14.2",
        "zlib-sync": "^0.1.8"
      },
      "engines": {
        "node": ">=16.9.0"
      }
    },
    "node_modules/@fastify/busboy": {
      "version": "2.1.1",
      "resolved": "https://registry.npmjs.org/@fastify/busboy/-/busboy-2.1.1.tgz",
      "integrity": "sha512-pdaCrRUcTUlF4z8k4m4f2yT1e4gn9y9m+aXo99ztrq9PzPAPGk02BAdda4S2dEMt6dpIXs6gKxK4k3w4jS2r+A==",
      "engines": {
        "node": ">=14"
      }
    },
    "node_modules/@sapphire/async-queue": {
      "version": "1.5.0",
      "resolved": "https://registry.npmjs.org/@sapphire/async-queue/-/async-queue-1.5.0.tgz",
      "integrity": "sha512-GW/xFJv2r3sS/2S0SbJ4+QdmQnA0fUBN/o6bEwB1f531v+/yitwM2tP27o2n/2X/t1yP2/u2K4pBEbY2kHGlw=="
    },
    "node_modules/@sapphire/snowflake": {
      "version": "3.5.2",
      "resolved": "https://registry.npmjs.org/@sapphire/snowflake/-/snowflake-3.5.2.tgz",
      "integrity": "sha512-Q/96mubyb32uP2bQ2g/+42YkGpx8G2V3/hgNMQ25Uv2Z4UjX4iL2v5/e/B5n1m3lT+5MDn23xHwE3TzK8vj8g=="
    },
    "node_modules/@types/node": {
      "version": "20.14.9",
      "resolved": "https://registry.npmjs.org/@types/node/-/node-20.14.9.tgz",
      "integrity": "sha512-06OCtnRE3j2+VPzSd5lB4k3I43382N1dG6fr3i8O2mdQcpavOKptQoANoWw3m4rR5724K529PHevQ23Lp+p+8w==",
      "dependencies": {
        "undici-types": "~5.26.4"
      }
    },
    "node_modules/@types/ws": {
      "version": "8.5.10",
      "resolved": "https://registry.npmjs.org/@types/ws/-/ws-8.5.10.tgz",
      "integrity": "sha512-vmQSUcfzCoI4z298iep32pngn4qfrsDC75aT8ig2272/pFEc2BTnPC15na0wGrjohk4g3xIe6w9b4GwbqdyoTA==",
      "dependencies": {
        "@types/node": "*"
      }
    },
    "node_modules/@vladfrangu/async_event_emitter": {
      "version": "2.2.3",
      "resolved": "https://registry.npmjs.org/@vladfrangu/async_event_emitter/-/async_event_emitter-2.2.3.tgz",
      "integrity": "sha512-o/aFhC8S2x3Mk231A8zLdEaZpIt2YORL0id/LnHm3pR4w+W4BfLd80gGVGoXjHdxV2pT/2IARsPj7K5j/HWWfQ=="
    },
    "node_modules/axios": {
      "version": "1.7.2",
      "resolved": "https://registry.npmjs.org/axios/-/axios-1.7.2.tgz",
      "integrity": "sha512-233Kd1Iq6NuwotOoLpwscmiFRH9lLDdl1Xf1a+hX+2x+3Drc1N5GSb4XCwQ7+z1yQE2YAH1/GvS5Xn3gJ3+QEg==",
      "dependencies": {
        "follow-redirects": "^1.15.6",
        "form-data": "^4.0.0",
        "proxy-from-env": "^1.1.0"
      }
    },
    "node_modules/asynckit": {
      "version": "0.4.0",
      "resolved": "https://registry.npmjs.org/asynckit/-/asynckit-0.4.0.tgz",
      "integrity": "sha512-Oei9OH4tRh0YqU3Gxh1uffZDIy76LSpA2AU9pAbACq5p5asdp3hTRvySG19MM9uD/iTCUP4E8M0WmpEsqRW3Zw=="
    },
    "node_modules/combined-stream": {
      "version": "1.0.8",
      "resolved": "https://registry.npmjs.org/combined-stream/-/combined-stream-1.0.8.tgz",
      "integrity": "sha512-FQN4MRfuJeHf7cBbBMJFXadcsbogSG5OMunBGYerTicketXStOgzbazD/+utgVuS4z7vsCFkbMwc5bAAITdjrAg==",
      "dependencies": {
        "delayed-stream": "~1.0.0"
      },
      "engines": {
        "node": ">= 0.8"
      }
    },
    "node_modules/delayed-stream": {
      "version": "1.0.0",
      "resolved": "https://registry.npmjs.org/delayed-stream/-/delayed-stream-1.0.0.tgz",
      "integrity": "sha512-ZySD7Nf91aLB0RxL4KGrKHBXl7GMeכיכרХуй+3A48Wg5e1AW8/W6Cimns9PlCLH+DJNaHnidpHltbKra1Vзw==",
      "engines": {
        "node": ">=0.4.0"
      }
    },
    "node_modules/discord-api-types": {
      "version": "0.37.92",
      "resolved": "https://registry.npmjs.org/discord-api-types/-/discord-api-types-0.37.92.tgz",
      "integrity": "sha512-5vXvRtnRIL3jFm+Y/TfB55h9Gk4wYc/c2u7N+tFXi8lIeFNCq/oAOLUJx92y8Q8Tf+gQj8sLKx4s+dK84wFmvA==",
      "engines": {
        "node": ">=16.9.0"
      }
    },
    "node_modules/discord.js": {
      "version": "14.15.3",
      "resolved": "https://registry.npmjs.org/discord.js/-/discord.js-14.15.3.tgz",
      "integrity": "sha512-yA/fT2rV5t+v3+2BvjIuVjp3n3d8hI5yYgAh0xM3k0x546h/3Hm31z2pG1lT5j23n3r/T39h5a2W6/n+w==",
      "dependencies": {
        "@discordjs/builders": "^1.8.1",
        "@discordjs/collection": "^1.5.4",
        "@discordjs/formatters": "^1.1.0",
        "@discordjs/proxy": "^1.1.0",
        "@discordjs/rest": "^2.3.0",
        "@discordjs/util": "^1.1.0",
        "@discordjs/ws": "^1.1.0",
        "@sapphire/snowflake": "^3.5.2",
        "discord-api-types": "0.37.92",
        "ws": "^8.14.2"
      },
      "engines": {
        "node": ">=16.9.0"
      }
    },
    "node_modules/dotenv": {
      "version": "16.4.5",
      "resolved": "https://registry.npmjs.org/dotenv/-/dotenv-16.4.5.tgz",
      "integrity": "sha512-ZmdPaqqT+KeYspbBIUo+4ormqvmEb2ezphPEo3dwPgyEQS72aS90Mafy4NHA1gr4TUFXYiIe59BYQ1zU+d4P9Q==",
      "engines": {
        "node": ">=12"
      },
      "funding": {
        "url": "https://dotenvx.com"
      }
    },
    "node_modules/follow-redirects": {
      "version": "1.15.6",
      "resolved": "https://registry.npmjs.org/follow-redirects/-/follow-redirects-1.15.6.tgz",
      "integrity": "sha512-w9GI2+TogmIuM2a+2Kj+d4WR383sT1t9sRQYq9nKfrwRj5hL0/x6D2R6SSK3j57p63oTVS3jI4wJe4Qd2w9fyg==",
      "funding": [
        {
          "type": "individual",
          "url": "https://github.com/sponsors/RubenVerborgh"
        }
      ],
      "engines": {
        "node": ">=4.0"
      },
      "peerDependenciesMeta": {
        "debug": {
          "optional": true
        }
      }
    },
    "node_modules/form-data": {
      "version": "4.0.0",
      "resolved": "https://registry.npmjs.org/form-data/-/form-data-4.0.0.tgz",
      "integrity": "sha512-ETEbY+uOg7qgcbQ8+yoL4bCCayın/3MYoAxe1zOTTgJYaBPUform5AQndOIJrIngGfuTnaPN78HLplj5NNA3gA==",
      "dependencies": {
        "asynckit": "^0.4.0",
        "combined-stream": "^1.0.8",
        "mime-types": "^2.1.12"
      },
      "engines": {
        "node": ">= 6"
      }
    },
    "node_modules/mime-db": {
      "version": "1.52.0",
      "resolved": "https://registry.npmjs.org/mime-db/-/mime-db-1.52.0.tgz",
      "integrity": "sha512-sPU4uV7dYlvtWd4iVBTLKidKuygfUdo75u6JABi6gTv4CorigwyD5rJsjgoH5tuPXXyD0Fxmg60PMlGr58vVdw==",
      "engines": {
        "node": ">= 0.6"
      }
    },
    "node_modules/mime-types": {
      "version": "2.1.35",
      "resolved": "https://registry.npmjs.org/mime-types/-/mime-types-2.1.35.tgz",
      "integrity": "sha512-ZDY+bPm5zTTF+YpCrAU9nK0UgICYPT0QtT1NZWFv4s++TNkcgVaT0g6+4R2uI4MjQjzysHB1zxuMA6aSz5FPdA==",
      "dependencies": {
        "mime-db": "1.52.0"
      },
      "engines": {
        "node": ">= 0.6"
      }
    },
    "node_modules/proxy-from-env": {
      "version": "1.1.0",
      "resolved": "https://registry.npmjs.org/proxy-from-env/-/proxy-from-env-1.1.0.tgz",
      "integrity": "sha512-D+zkORCbA9f1tdIMrDPNPmfFTACqB8pAgpHBilA4GHQNWUt8OYpVZKCj31hulqrAppd5upUQxAiCUuLoByzkhg=="
    },
    "node_modules/undici": {
      "version": "5.28.4",
      "resolved": "https://registry.npmjs.org/undici/-/undici-5.28.4.tgz",
      "integrity": "sha512-Y1h20oQgDX34l33f/ishkI5g2Q6xS+T70/3U60rveGQO/2Q13a1ePZ/v74/qmk7tK28SIs1aXp/3EGD0r3bIQ==",
      "dependencies": {
        "@fastify/busboy": "^2.1.0"
      },
      "engines": {
        "node": ">=16.8"
      }
    },
    "node_modules/undici-types": {
      "version": "5.26.5",
      "resolved": "https://registry.npmjs.org/undici-types/-/undici-types-5.26.5.tgz",
      "integrity": "sha512-gjSWpROX3ss+z+sA0zLL1E2voUzQxg7I6crrliAPdE43YgrjNAbqpLonY4vT1xr2/Wx31H3pWYsy2ANi2IB2CA=="
    },
    "node_modules/ws": {
      "version": "8.17.1",
      "resolved": "https://registry.npmjs.org/ws/-/ws-8.17.1.tgz",
      "integrity": "sha512-6XQFVoQoNOli0r3tmluDY0l6k7M7h1lL2A7Iu7j22u11v/2C3d6s5i6s7Yvq3L0zARx2xDR3oA9d7V7GYwBFvA==",
      "engines": {
        "node": ">=10.0.0"
      },
      "peerDependencies": {
        "bufferutil": "^4.0.1",
        "utf-8-validate": ">=5.0.2"
      },
      "peerDependenciesMeta": {
        "bufferutil": {
          "optional": true
        },
        "utf-8-validate": {
          "optional": true
        }
      }
    },
    "node_modules/zlib-sync": {
      "version": "0.1.9",
      "resolved": "https://registry.npmjs.org/zlib-sync/-/zlib-sync-0.1.9.tgz",
      "integrity": "sha512-NvcLd1Pa9aDtRTg3i28mRaQeJIy5+uXUdDAvbdVQRi2/4XvE5z20WM52gK+6m1sMLQ1gQfQGOc2BPSC6v51l5w==",
      "dependencies": {
        "pako": "^1.0.11"
      }
    },
    "node_modules/zlib-sync/node_modules/pako": {
      "version": "1.0.11",
      "resolved": "https://registry.npmjs.org/pako/-/pako-1.0.11.tgz",
      "integrity": "sha512-4hLB8Py4zZce5s4yd9XzopqwI+y+sIcpMHY8z2jNWGAuG32L5POiNAzI/fk3GkvcTCLjdPcoDA9PJXG2h3QRiw=="
    }
  }
}
